
Microsoft Visual Studio Solution File, Format Version 12.00
Project("{2150E333-8FDC-42A3-9474-1A3956D46DE8}") = "Services", "Services", "{9D26F52A-73A8-4BF6-8CC0-0E67D4CECCF2}"
EndProject
Project("{2150E333-8FDC-42A3-9474-1A3956D46DE8}") = "BuildingBlocks", "BuildingBlocks", "{50BB8A05-9DD1-47D9-ADCB-DDE0C8BD939F}"
EndProject
Project("{2150E333-8FDC-42A3-9474-1A3956D46DE8}") = "Solution Items", "Solution Items", "{A9E6CA92-9B2F-4517-AE1B-314753DE6836}"
	ProjectSection(SolutionItems) = preProject
		docker-compose.yml = docker-compose.yml
		docker-compose.override.yml = docker-compose.override.yml
		.gitignore = .gitignore
	EndProjectSection
EndProject
Project("{2150E333-8FDC-42A3-9474-1A3956D46DE8}") = "Basket", "Basket", "{C2CDEF23-D09F-455D-91EE-06645A1E9F31}"
EndProject
Project("{2150E333-8FDC-42A3-9474-1A3956D46DE8}") = "Catalog", "Catalog", "{048C7612-D703-4C38-BDE5-EA4AD252733D}"
EndProject
Project("{2150E333-8FDC-42A3-9474-1A3956D46DE8}") = "Discount", "Discount", "{8BF36E4D-2B64-4F8D-8DB0-4C2029329553}"
EndProject
Project("{FAE04EC0-301F-11D3-BF4B-00C04F79EFBC}") = "Basket.API", "src\Services\Basket\Basket.API\Basket.API.csproj", "{F3859042-0B90-4F77-9936-B81BCF590D02}"
EndProject
Project("{FAE04EC0-301F-11D3-BF4B-00C04F79EFBC}") = "BuildingBlocks", "src\BuildingBlocks\BuildingBlocks\BuildingBlocks.csproj", "{C1C2DB5F-3924-49AA-B9E3-64AF994C004D}"
EndProject
Project("{FAE04EC0-301F-11D3-BF4B-00C04F79EFBC}") = "Catalog.API", "src\Services\Catalog\Catalog.API\Catalog.API.csproj", "{2C975D23-5CA6-43C4-AA7C-0EDE24F84748}"
EndProject
Project("{FAE04EC0-301F-11D3-BF4B-00C04F79EFBC}") = "Discount.Grpc", "src\Services\Discount\Discount.Grpc\Discount.Grpc.csproj", "{8BFE2714-5F0D-4484-9BFC-93DCF807DC57}"
EndProject
Project("{2150E333-8FDC-42A3-9474-1A3956D46DE8}") = "Ordering", "Ordering", "{1DCA65D4-41BC-45F6-A17C-5891BE6B7A66}"
EndProject
Project("{FAE04EC0-301F-11D3-BF4B-00C04F79EFBC}") = "Ordering.API", "src\Ordering\Ordering.API\Ordering.API.csproj", "{8A398E4F-5351-4F00-AF91-DA6D3DF70C0D}"
EndProject
Project("{FAE04EC0-301F-11D3-BF4B-00C04F79EFBC}") = "Ordering.Application", "src\Ordering\Ordering.Application\Ordering.Application.csproj", "{EAE1DDCE-E0A1-4862-95DE-1A845515D768}"
EndProject
Project("{FAE04EC0-301F-11D3-BF4B-00C04F79EFBC}") = "Ordering.Infrastructure", "src\Ordering\Ordering.Infrastructure\Ordering.Infrastructure.csproj", "{9D7514CA-C9C4-4E77-B1F7-DFDA8435420E}"
EndProject
Project("{FAE04EC0-301F-11D3-BF4B-00C04F79EFBC}") = "Ordering.Domain", "src\Ordering\Ordering.Domain\Ordering.Domain.csproj", "{EE43E6EA-B1FB-48D7-B675-D9779144A11C}"
EndProject
Project("{FAE04EC0-301F-11D3-BF4B-00C04F79EFBC}") = "BuildingBlocks.Messaging", "src\BuildingBlocks\BuildingBlocks.Messaging\BuildingBlocks.Messaging.csproj", "{D513A34C-5679-4140-874B-B17FF0F9EE4B}"
EndProject
Global
	GlobalSection(SolutionConfigurationPlatforms) = preSolution
		Debug|Any CPU = Debug|Any CPU
		Release|Any CPU = Release|Any CPU
	EndGlobalSection
	GlobalSection(NestedProjects) = preSolution
		{C2CDEF23-D09F-455D-91EE-06645A1E9F31} = {9D26F52A-73A8-4BF6-8CC0-0E67D4CECCF2}
		{048C7612-D703-4C38-BDE5-EA4AD252733D} = {9D26F52A-73A8-4BF6-8CC0-0E67D4CECCF2}
		{8BF36E4D-2B64-4F8D-8DB0-4C2029329553} = {9D26F52A-73A8-4BF6-8CC0-0E67D4CECCF2}
		{F3859042-0B90-4F77-9936-B81BCF590D02} = {C2CDEF23-D09F-455D-91EE-06645A1E9F31}
		{C1C2DB5F-3924-49AA-B9E3-64AF994C004D} = {50BB8A05-9DD1-47D9-ADCB-DDE0C8BD939F}
		{2C975D23-5CA6-43C4-AA7C-0EDE24F84748} = {048C7612-D703-4C38-BDE5-EA4AD252733D}
		{8BFE2714-5F0D-4484-9BFC-93DCF807DC57} = {8BF36E4D-2B64-4F8D-8DB0-4C2029329553}
		{1DCA65D4-41BC-45F6-A17C-5891BE6B7A66} = {9D26F52A-73A8-4BF6-8CC0-0E67D4CECCF2}
		{8A398E4F-5351-4F00-AF91-DA6D3DF70C0D} = {1DCA65D4-41BC-45F6-A17C-5891BE6B7A66}
		{EAE1DDCE-E0A1-4862-95DE-1A845515D768} = {1DCA65D4-41BC-45F6-A17C-5891BE6B7A66}
		{9D7514CA-C9C4-4E77-B1F7-DFDA8435420E} = {1DCA65D4-41BC-45F6-A17C-5891BE6B7A66}
		{EE43E6EA-B1FB-48D7-B675-D9779144A11C} = {1DCA65D4-41BC-45F6-A17C-5891BE6B7A66}
		{D513A34C-5679-4140-874B-B17FF0F9EE4B} = {50BB8A05-9DD1-47D9-ADCB-DDE0C8BD939F}
	EndGlobalSection
	GlobalSection(ProjectConfigurationPlatforms) = postSolution
		{F3859042-0B90-4F77-9936-B81BCF590D02}.Debug|Any CPU.ActiveCfg = Debug|Any CPU
		{F3859042-0B90-4F77-9936-B81BCF590D02}.Debug|Any CPU.Build.0 = Debug|Any CPU
		{F3859042-0B90-4F77-9936-B81BCF590D02}.Release|Any CPU.ActiveCfg = Release|Any CPU
		{F3859042-0B90-4F77-9936-B81BCF590D02}.Release|Any CPU.Build.0 = Release|Any CPU
		{C1C2DB5F-3924-49AA-B9E3-64AF994C004D}.Debug|Any CPU.ActiveCfg = Debug|Any CPU
		{C1C2DB5F-3924-49AA-B9E3-64AF994C004D}.Debug|Any CPU.Build.0 = Debug|Any CPU
		{C1C2DB5F-3924-49AA-B9E3-64AF994C004D}.Release|Any CPU.ActiveCfg = Release|Any CPU
		{C1C2DB5F-3924-49AA-B9E3-64AF994C004D}.Release|Any CPU.Build.0 = Release|Any CPU
		{2C975D23-5CA6-43C4-AA7C-0EDE24F84748}.Debug|Any CPU.ActiveCfg = Debug|Any CPU
		{2C975D23-5CA6-43C4-AA7C-0EDE24F84748}.Debug|Any CPU.Build.0 = Debug|Any CPU
		{2C975D23-5CA6-43C4-AA7C-0EDE24F84748}.Release|Any CPU.ActiveCfg = Release|Any CPU
		{2C975D23-5CA6-43C4-AA7C-0EDE24F84748}.Release|Any CPU.Build.0 = Release|Any CPU
		{8BFE2714-5F0D-4484-9BFC-93DCF807DC57}.Debug|Any CPU.ActiveCfg = Debug|Any CPU
		{8BFE2714-5F0D-4484-9BFC-93DCF807DC57}.Debug|Any CPU.Build.0 = Debug|Any CPU
		{8BFE2714-5F0D-4484-9BFC-93DCF807DC57}.Release|Any CPU.ActiveCfg = Release|Any CPU
		{8BFE2714-5F0D-4484-9BFC-93DCF807DC57}.Release|Any CPU.Build.0 = Release|Any CPU
		{8A398E4F-5351-4F00-AF91-DA6D3DF70C0D}.Debug|Any CPU.ActiveCfg = Debug|Any CPU
		{8A398E4F-5351-4F00-AF91-DA6D3DF70C0D}.Debug|Any CPU.Build.0 = Debug|Any CPU
		{8A398E4F-5351-4F00-AF91-DA6D3DF70C0D}.Release|Any CPU.ActiveCfg = Release|Any CPU
		{8A398E4F-5351-4F00-AF91-DA6D3DF70C0D}.Release|Any CPU.Build.0 = Release|Any CPU
		{EAE1DDCE-E0A1-4862-95DE-1A845515D768}.Debug|Any CPU.ActiveCfg = Debug|Any CPU
		{EAE1DDCE-E0A1-4862-95DE-1A845515D768}.Debug|Any CPU.Build.0 = Debug|Any CPU
		{EAE1DDCE-E0A1-4862-95DE-1A845515D768}.Release|Any CPU.ActiveCfg = Release|Any CPU
		{EAE1DDCE-E0A1-4862-95DE-1A845515D768}.Release|Any CPU.Build.0 = Release|Any CPU
		{9D7514CA-C9C4-4E77-B1F7-DFDA8435420E}.Debug|Any CPU.ActiveCfg = Debug|Any CPU
		{9D7514CA-C9C4-4E77-B1F7-DFDA8435420E}.Debug|Any CPU.Build.0 = Debug|Any CPU
		{9D7514CA-C9C4-4E77-B1F7-DFDA8435420E}.Release|Any CPU.ActiveCfg = Release|Any CPU
		{9D7514CA-C9C4-4E77-B1F7-DFDA8435420E}.Release|Any CPU.Build.0 = Release|Any CPU
		{EE43E6EA-B1FB-48D7-B675-D9779144A11C}.Debug|Any CPU.ActiveCfg = Debug|Any CPU
		{EE43E6EA-B1FB-48D7-B675-D9779144A11C}.Debug|Any CPU.Build.0 = Debug|Any CPU
		{EE43E6EA-B1FB-48D7-B675-D9779144A11C}.Release|Any CPU.ActiveCfg = Release|Any CPU
		{EE43E6EA-B1FB-48D7-B675-D9779144A11C}.Release|Any CPU.Build.0 = Release|Any CPU
		{D513A34C-5679-4140-874B-B17FF0F9EE4B}.Debug|Any CPU.ActiveCfg = Debug|Any CPU
		{D513A34C-5679-4140-874B-B17FF0F9EE4B}.Debug|Any CPU.Build.0 = Debug|Any CPU
		{D513A34C-5679-4140-874B-B17FF0F9EE4B}.Release|Any CPU.ActiveCfg = Release|Any CPU
		{D513A34C-5679-4140-874B-B17FF0F9EE4B}.Release|Any CPU.Build.0 = Release|Any CPU
	EndGlobalSection
EndGlobal
